// !$*UTF8*$!
{
	archiveVersion = 1;
	classes = {
	};
	objectVersion = 46;
	objects = {

/* Begin PBXBuildFile section */
		221BD2A819323D8600A1486D /* Foundation.framework in Frameworks */ = {isa = PBXBuildFile; fileRef = 221BD2A719323D8600A1486D /* Foundation.framework */; };
		221BD2AA19323D8600A1486D /* CoreGraphics.framework in Frameworks */ = {isa = PBXBuildFile; fileRef = 221BD2A919323D8600A1486D /* CoreGraphics.framework */; };
		221BD2AC19323D8600A1486D /* UIKit.framework in Frameworks */ = {isa = PBXBuildFile; fileRef = 221BD2AB19323D8600A1486D /* UIKit.framework */; };
		221BD2B219323D8600A1486D /* InfoPlist.strings in Resources */ = {isa = PBXBuildFile; fileRef = 221BD2B019323D8600A1486D /* InfoPlist.strings */; };
		221BD2B419323D8600A1486D /* main.m in Sources */ = {isa = PBXBuildFile; fileRef = 221BD2B319323D8600A1486D /* main.m */; };
		221BD2B819323D8600A1486D /* AppDelegate.m in Sources */ = {isa = PBXBuildFile; fileRef = 221BD2B719323D8600A1486D /* AppDelegate.m */; };
		221BD2BB19323D8600A1486D /* Main.storyboard in Resources */ = {isa = PBXBuildFile; fileRef = 221BD2B919323D8600A1486D /* Main.storyboard */; };
		221BD2BE19323D8600A1486D /* MasterViewController.m in Sources */ = {isa = PBXBuildFile; fileRef = 221BD2BD19323D8600A1486D /* MasterViewController.m */; };
		221BD2C119323D8600A1486D /* DetailViewController.m in Sources */ = {isa = PBXBuildFile; fileRef = 221BD2C019323D8600A1486D /* DetailViewController.m */; };
		221BD2C319323D8600A1486D /* Images.xcassets in Resources */ = {isa = PBXBuildFile; fileRef = 221BD2C219323D8600A1486D /* Images.xcassets */; };
		221BD2CA19323D8600A1486D /* XCTest.framework in Frameworks */ = {isa = PBXBuildFile; fileRef = 221BD2C919323D8600A1486D /* XCTest.framework */; };
		221BD2CB19323D8600A1486D /* Foundation.framework in Frameworks */ = {isa = PBXBuildFile; fileRef = 221BD2A719323D8600A1486D /* Foundation.framework */; };
		221BD2CC19323D8600A1486D /* UIKit.framework in Frameworks */ = {isa = PBXBuildFile; fileRef = 221BD2AB19323D8600A1486D /* UIKit.framework */; };
		221BD2D419323D8600A1486D /* InfoPlist.strings in Resources */ = {isa = PBXBuildFile; fileRef = 221BD2D219323D8600A1486D /* InfoPlist.strings */; };
		221BD2D619323D8600A1486D /* Annotated_BibliographyTests.m in Sources */ = {isa = PBXBuildFile; fileRef = 221BD2D519323D8600A1486D /* Annotated_BibliographyTests.m */; };
		2251B774194CB0880054854F /* libsqlite3.dylib in Frameworks */ = {isa = PBXBuildFile; fileRef = 2251B773194CB0880054854F /* libsqlite3.dylib */; };
		226E39CF1955DA4B00E4FCBE /* Model.xcdatamodeld in Sources */ = {isa = PBXBuildFile; fileRef = 226E39CD1955DA4B00E4FCBE /* Model.xcdatamodeld */; };
		226E39E21955EB5E00E4FCBE /* CitationSvcCoreData.m in Sources */ = {isa = PBXBuildFile; fileRef = 226E39E11955EB5E00E4FCBE /* CitationSvcCoreData.m */; };
		226E39E41955EBE200E4FCBE /* CitationSvcCoreDataTests.m in Sources */ = {isa = PBXBuildFile; fileRef = 226E39E31955EBE200E4FCBE /* CitationSvcCoreDataTests.m */; };
		226E39E61955F11E00E4FCBE /* CoreData.framework in Frameworks */ = {isa = PBXBuildFile; fileRef = 226E39E51955F11E00E4FCBE /* CoreData.framework */; };
		226E39F21956199300E4FCBE /* MediaType.m in Sources */ = {isa = PBXBuildFile; fileRef = 226E39F11956199300E4FCBE /* MediaType.m */; };
		226E39F51956199400E4FCBE /* Citation.m in Sources */ = {isa = PBXBuildFile; fileRef = 226E39F41956199400E4FCBE /* Citation.m */; };
		226E39F81956199400E4FCBE /* Author.m in Sources */ = {isa = PBXBuildFile; fileRef = 226E39F71956199400E4FCBE /* Author.m */; };
		229B0E651957577700C468C3 /* MediaTypeTableViewController.m in Sources */ = {isa = PBXBuildFile; fileRef = 229B0E641957577700C468C3 /* MediaTypeTableViewController.m */; };
		22A88707195F32FA006F2F57 /* DemoDataGenerator.m in Sources */ = {isa = PBXBuildFile; fileRef = 22A88706195F32FA006F2F57 /* DemoDataGenerator.m */; };
		22A8870D195F3C56006F2F57 /* Book.png in Resources */ = {isa = PBXBuildFile; fileRef = 22A88708195F3C56006F2F57 /* Book.png */; };
		22A8870E195F3C56006F2F57 /* Conference Proceedings.png in Resources */ = {isa = PBXBuildFile; fileRef = 22A88709195F3C56006F2F57 /* Conference Proceedings.png */; };
		22A8870F195F3C56006F2F57 /* Journal Article.png in Resources */ = {isa = PBXBuildFile; fileRef = 22A8870A195F3C56006F2F57 /* Journal Article.png */; };
		22A88710195F3C56006F2F57 /* Magazine Article.png in Resources */ = {isa = PBXBuildFile; fileRef = 22A8870B195F3C56006F2F57 /* Magazine Article.png */; };
		22A88711195F3C56006F2F57 /* Thesis.png in Resources */ = {isa = PBXBuildFile; fileRef = 22A8870C195F3C56006F2F57 /* Thesis.png */; };
		22A88716195F54C3006F2F57 /* MasterViewControllerTests.m in Sources */ = {isa = PBXBuildFile; fileRef = 22A88715195F54C3006F2F57 /* MasterViewControllerTests.m */; };
/* End PBXBuildFile section */

/* Begin PBXContainerItemProxy section */
		221BD2CD19323D8600A1486D /* PBXContainerItemProxy */ = {
			isa = PBXContainerItemProxy;
			containerPortal = 221BD29C19323D8600A1486D /* Project object */;
			proxyType = 1;
			remoteGlobalIDString = 221BD2A319323D8600A1486D;
			remoteInfo = "Annotated Bibliography";
		};
/* End PBXContainerItemProxy section */

/* Begin PBXFileReference section */
		221BD2A419323D8600A1486D /* Annotated Bibliography.app */ = {isa = PBXFileReference; explicitFileType = wrapper.application; includeInIndex = 0; path = "Annotated Bibliography.app"; sourceTree = BUILT_PRODUCTS_DIR; };
		221BD2A719323D8600A1486D /* Foundation.framework */ = {isa = PBXFileReference; lastKnownFileType = wrapper.framework; name = Foundation.framework; path = System/Library/Frameworks/Foundation.framework; sourceTree = SDKROOT; };
		221BD2A919323D8600A1486D /* CoreGraphics.framework */ = {isa = PBXFileReference; lastKnownFileType = wrapper.framework; name = CoreGraphics.framework; path = System/Library/Frameworks/CoreGraphics.framework; sourceTree = SDKROOT; };
		221BD2AB19323D8600A1486D /* UIKit.framework */ = {isa = PBXFileReference; lastKnownFileType = wrapper.framework; name = UIKit.framework; path = System/Library/Frameworks/UIKit.framework; sourceTree = SDKROOT; };
		221BD2AF19323D8600A1486D /* Annotated Bibliography-Info.plist */ = {isa = PBXFileReference; lastKnownFileType = text.plist.xml; path = "Annotated Bibliography-Info.plist"; sourceTree = "<group>"; };
		221BD2B119323D8600A1486D /* en */ = {isa = PBXFileReference; lastKnownFileType = text.plist.strings; name = en; path = en.lproj/InfoPlist.strings; sourceTree = "<group>"; };
		221BD2B319323D8600A1486D /* main.m */ = {isa = PBXFileReference; lastKnownFileType = sourcecode.c.objc; path = main.m; sourceTree = "<group>"; };
		221BD2B519323D8600A1486D /* Annotated Bibliography-Prefix.pch */ = {isa = PBXFileReference; lastKnownFileType = sourcecode.c.h; path = "Annotated Bibliography-Prefix.pch"; sourceTree = "<group>"; };
		221BD2B619323D8600A1486D /* AppDelegate.h */ = {isa = PBXFileReference; lastKnownFileType = sourcecode.c.h; path = AppDelegate.h; sourceTree = "<group>"; };
		221BD2B719323D8600A1486D /* AppDelegate.m */ = {isa = PBXFileReference; lastKnownFileType = sourcecode.c.objc; path = AppDelegate.m; sourceTree = "<group>"; };
		221BD2BA19323D8600A1486D /* Base */ = {isa = PBXFileReference; lastKnownFileType = file.storyboard; name = Base; path = Base.lproj/Main.storyboard; sourceTree = "<group>"; };
		221BD2BC19323D8600A1486D /* MasterViewController.h */ = {isa = PBXFileReference; lastKnownFileType = sourcecode.c.h; path = MasterViewController.h; sourceTree = "<group>"; };
		221BD2BD19323D8600A1486D /* MasterViewController.m */ = {isa = PBXFileReference; lastKnownFileType = sourcecode.c.objc; path = MasterViewController.m; sourceTree = "<group>"; };
		221BD2BF19323D8600A1486D /* DetailViewController.h */ = {isa = PBXFileReference; lastKnownFileType = sourcecode.c.h; path = DetailViewController.h; sourceTree = "<group>"; };
		221BD2C019323D8600A1486D /* DetailViewController.m */ = {isa = PBXFileReference; lastKnownFileType = sourcecode.c.objc; path = DetailViewController.m; sourceTree = "<group>"; };
		221BD2C219323D8600A1486D /* Images.xcassets */ = {isa = PBXFileReference; lastKnownFileType = folder.assetcatalog; path = Images.xcassets; sourceTree = "<group>"; };
		221BD2C819323D8600A1486D /* Annotated BibliographyTests.xctest */ = {isa = PBXFileReference; explicitFileType = wrapper.cfbundle; includeInIndex = 0; path = "Annotated BibliographyTests.xctest"; sourceTree = BUILT_PRODUCTS_DIR; };
		221BD2C919323D8600A1486D /* XCTest.framework */ = {isa = PBXFileReference; lastKnownFileType = wrapper.framework; name = XCTest.framework; path = Library/Frameworks/XCTest.framework; sourceTree = DEVELOPER_DIR; };
		221BD2D119323D8600A1486D /* Annotated BibliographyTests-Info.plist */ = {isa = PBXFileReference; lastKnownFileType = text.plist.xml; path = "Annotated BibliographyTests-Info.plist"; sourceTree = "<group>"; };
		221BD2D319323D8600A1486D /* en */ = {isa = PBXFileReference; lastKnownFileType = text.plist.strings; name = en; path = en.lproj/InfoPlist.strings; sourceTree = "<group>"; };
		221BD2D519323D8600A1486D /* Annotated_BibliographyTests.m */ = {isa = PBXFileReference; lastKnownFileType = sourcecode.c.objc; path = Annotated_BibliographyTests.m; sourceTree = "<group>"; };
		2251B773194CB0880054854F /* libsqlite3.dylib */ = {isa = PBXFileReference; lastKnownFileType = "compiled.mach-o.dylib"; name = libsqlite3.dylib; path = usr/lib/libsqlite3.dylib; sourceTree = SDKROOT; };
		226E39CE1955DA4B00E4FCBE /* Model.xcdatamodel */ = {isa = PBXFileReference; lastKnownFileType = wrapper.xcdatamodel; path = Model.xcdatamodel; sourceTree = "<group>"; };
		226E39DF1955EAEE00E4FCBE /* CitationSvc.h */ = {isa = PBXFileReference; lastKnownFileType = sourcecode.c.h; path = CitationSvc.h; sourceTree = "<group>"; };
		226E39E01955EB5E00E4FCBE /* CitationSvcCoreData.h */ = {isa = PBXFileReference; fileEncoding = 4; lastKnownFileType = sourcecode.c.h; path = CitationSvcCoreData.h; sourceTree = "<group>"; };
		226E39E11955EB5E00E4FCBE /* CitationSvcCoreData.m */ = {isa = PBXFileReference; fileEncoding = 4; lastKnownFileType = sourcecode.c.objc; path = CitationSvcCoreData.m; sourceTree = "<group>"; };
		226E39E31955EBE200E4FCBE /* CitationSvcCoreDataTests.m */ = {isa = PBXFileReference; fileEncoding = 4; lastKnownFileType = sourcecode.c.objc; name = CitationSvcCoreDataTests.m; path = "../Annotated Bibliography/CitationSvcCoreDataTests.m"; sourceTree = "<group>"; };
		226E39E51955F11E00E4FCBE /* CoreData.framework */ = {isa = PBXFileReference; lastKnownFileType = wrapper.framework; name = CoreData.framework; path = System/Library/Frameworks/CoreData.framework; sourceTree = SDKROOT; };
		226E39F01956199300E4FCBE /* MediaType.h */ = {isa = PBXFileReference; fileEncoding = 4; lastKnownFileType = sourcecode.c.h; path = MediaType.h; sourceTree = "<group>"; };
		226E39F11956199300E4FCBE /* MediaType.m */ = {isa = PBXFileReference; fileEncoding = 4; lastKnownFileType = sourcecode.c.objc; path = MediaType.m; sourceTree = "<group>"; };
		226E39F31956199400E4FCBE /* Citation.h */ = {isa = PBXFileReference; fileEncoding = 4; lastKnownFileType = sourcecode.c.h; path = Citation.h; sourceTree = "<group>"; };
		226E39F41956199400E4FCBE /* Citation.m */ = {isa = PBXFileReference; fileEncoding = 4; lastKnownFileType = sourcecode.c.objc; path = Citation.m; sourceTree = "<group>"; };
		226E39F61956199400E4FCBE /* Author.h */ = {isa = PBXFileReference; fileEncoding = 4; lastKnownFileType = sourcecode.c.h; path = Author.h; sourceTree = "<group>"; };
		226E39F71956199400E4FCBE /* Author.m */ = {isa = PBXFileReference; fileEncoding = 4; lastKnownFileType = sourcecode.c.objc; path = Author.m; sourceTree = "<group>"; };
		226E39F9195622D400E4FCBE /* CitationOperationDelegate.h */ = {isa = PBXFileReference; lastKnownFileType = sourcecode.c.h; name = CitationOperationDelegate.h; path = ../CitationOperationDelegate.h; sourceTree = "<group>"; };
		229B0E631957577700C468C3 /* MediaTypeTableViewController.h */ = {isa = PBXFileReference; fileEncoding = 4; lastKnownFileType = sourcecode.c.h; path = MediaTypeTableViewController.h; sourceTree = "<group>"; };
		229B0E641957577700C468C3 /* MediaTypeTableViewController.m */ = {isa = PBXFileReference; fileEncoding = 4; lastKnownFileType = sourcecode.c.objc; path = MediaTypeTableViewController.m; sourceTree = "<group>"; };
		22A88705195F32FA006F2F57 /* DemoDataGenerator.h */ = {isa = PBXFileReference; fileEncoding = 4; lastKnownFileType = sourcecode.c.h; path = DemoDataGenerator.h; sourceTree = "<group>"; };
		22A88706195F32FA006F2F57 /* DemoDataGenerator.m */ = {isa = PBXFileReference; fileEncoding = 4; lastKnownFileType = sourcecode.c.objc; path = DemoDataGenerator.m; sourceTree = "<group>"; };
		22A88708195F3C56006F2F57 /* Book.png */ = {isa = PBXFileReference; lastKnownFileType = image.png; path = Book.png; sourceTree = "<group>"; };
		22A88709195F3C56006F2F57 /* Conference Proceedings.png */ = {isa = PBXFileReference; lastKnownFileType = image.png; path = "Conference Proceedings.png"; sourceTree = "<group>"; };
		22A8870A195F3C56006F2F57 /* Journal Article.png */ = {isa = PBXFileReference; lastKnownFileType = image.png; path = "Journal Article.png"; sourceTree = "<group>"; };
		22A8870B195F3C56006F2F57 /* Magazine Article.png */ = {isa = PBXFileReference; lastKnownFileType = image.png; path = "Magazine Article.png"; sourceTree = "<group>"; };
		22A8870C195F3C56006F2F57 /* Thesis.png */ = {isa = PBXFileReference; lastKnownFileType = image.png; path = Thesis.png; sourceTree = "<group>"; };
		22A88715195F54C3006F2F57 /* MasterViewControllerTests.m */ = {isa = PBXFileReference; fileEncoding = 4; lastKnownFileType = sourcecode.c.objc; path = MasterViewControllerTests.m; sourceTree = "<group>"; };
/* End PBXFileReference section */

/* Begin PBXFrameworksBuildPhase section */
		221BD2A119323D8600A1486D /* Frameworks */ = {
			isa = PBXFrameworksBuildPhase;
			buildActionMask = 2147483647;
			files = (
				226E39E61955F11E00E4FCBE /* CoreData.framework in Frameworks */,
				2251B774194CB0880054854F /* libsqlite3.dylib in Frameworks */,
				221BD2AA19323D8600A1486D /* CoreGraphics.framework in Frameworks */,
				221BD2AC19323D8600A1486D /* UIKit.framework in Frameworks */,
				221BD2A819323D8600A1486D /* Foundation.framework in Frameworks */,
			);
			runOnlyForDeploymentPostprocessing = 0;
		};
		221BD2C519323D8600A1486D /* Frameworks */ = {
			isa = PBXFrameworksBuildPhase;
			buildActionMask = 2147483647;
			files = (
				221BD2CA19323D8600A1486D /* XCTest.framework in Frameworks */,
				221BD2CC19323D8600A1486D /* UIKit.framework in Frameworks */,
				221BD2CB19323D8600A1486D /* Foundation.framework in Frameworks */,
			);
			runOnlyForDeploymentPostprocessing = 0;
		};
/* End PBXFrameworksBuildPhase section */

/* Begin PBXGroup section */
		221BD29B19323D8600A1486D = {
			isa = PBXGroup;
			children = (
				221BD2AD19323D8600A1486D /* Annotated Bibliography */,
				221BD2CF19323D8600A1486D /* Annotated BibliographyTests */,
				221BD2A619323D8600A1486D /* Frameworks */,
				221BD2A519323D8600A1486D /* Products */,
			);
			sourceTree = "<group>";
		};
		221BD2A519323D8600A1486D /* Products */ = {
			isa = PBXGroup;
			children = (
				221BD2A419323D8600A1486D /* Annotated Bibliography.app */,
				221BD2C819323D8600A1486D /* Annotated BibliographyTests.xctest */,
			);
			name = Products;
			sourceTree = "<group>";
		};
		221BD2A619323D8600A1486D /* Frameworks */ = {
			isa = PBXGroup;
			children = (
				226E39E51955F11E00E4FCBE /* CoreData.framework */,
				2251B773194CB0880054854F /* libsqlite3.dylib */,
				221BD2A719323D8600A1486D /* Foundation.framework */,
				221BD2A919323D8600A1486D /* CoreGraphics.framework */,
				221BD2AB19323D8600A1486D /* UIKit.framework */,
				221BD2C919323D8600A1486D /* XCTest.framework */,
			);
			name = Frameworks;
			sourceTree = "<group>";
		};
		221BD2AD19323D8600A1486D /* Annotated Bibliography */ = {
			isa = PBXGroup;
			children = (
				22A88700195F1074006F2F57 /* Resources */,
				221BD2DF1932413C00A1486D /* Model */,
				221BD2B619323D8600A1486D /* AppDelegate.h */,
				221BD2B719323D8600A1486D /* AppDelegate.m */,
				226E39F9195622D400E4FCBE /* CitationOperationDelegate.h */,
				221BD2B919323D8600A1486D /* Main.storyboard */,
				221BD2BC19323D8600A1486D /* MasterViewController.h */,
				221BD2BD19323D8600A1486D /* MasterViewController.m */,
				221BD2BF19323D8600A1486D /* DetailViewController.h */,
				221BD2C019323D8600A1486D /* DetailViewController.m */,
				229B0E631957577700C468C3 /* MediaTypeTableViewController.h */,
				229B0E641957577700C468C3 /* MediaTypeTableViewController.m */,
				221BD2C219323D8600A1486D /* Images.xcassets */,
				221BD2AE19323D8600A1486D /* Supporting Files */,
			);
			path = "Annotated Bibliography";
			sourceTree = "<group>";
		};
		221BD2AE19323D8600A1486D /* Supporting Files */ = {
			isa = PBXGroup;
			children = (
				221BD2AF19323D8600A1486D /* Annotated Bibliography-Info.plist */,
				221BD2B019323D8600A1486D /* InfoPlist.strings */,
				221BD2B319323D8600A1486D /* main.m */,
				221BD2B519323D8600A1486D /* Annotated Bibliography-Prefix.pch */,
			);
			name = "Supporting Files";
			sourceTree = "<group>";
		};
		221BD2CF19323D8600A1486D /* Annotated BibliographyTests */ = {
			isa = PBXGroup;
			children = (
				221BD2E71932499100A1486D /* Model */,
				221BD2D519323D8600A1486D /* Annotated_BibliographyTests.m */,
				221BD2D019323D8600A1486D /* Supporting Files */,
				22A88715195F54C3006F2F57 /* MasterViewControllerTests.m */,
			);
			path = "Annotated BibliographyTests";
			sourceTree = "<group>";
		};
		221BD2D019323D8600A1486D /* Supporting Files */ = {
			isa = PBXGroup;
			children = (
				221BD2D119323D8600A1486D /* Annotated BibliographyTests-Info.plist */,
				221BD2D219323D8600A1486D /* InfoPlist.strings */,
			);
			name = "Supporting Files";
			sourceTree = "<group>";
		};
		221BD2DF1932413C00A1486D /* Model */ = {
			isa = PBXGroup;
			children = (
				226E39CD1955DA4B00E4FCBE /* Model.xcdatamodeld */,
				226E39F61956199400E4FCBE /* Author.h */,
				226E39F71956199400E4FCBE /* Author.m */,
				226E39F31956199400E4FCBE /* Citation.h */,
				226E39F41956199400E4FCBE /* Citation.m */,
				226E39F01956199300E4FCBE /* MediaType.h */,
				226E39F11956199300E4FCBE /* MediaType.m */,
				226E39DF1955EAEE00E4FCBE /* CitationSvc.h */,
				226E39E01955EB5E00E4FCBE /* CitationSvcCoreData.h */,
				226E39E11955EB5E00E4FCBE /* CitationSvcCoreData.m */,
				22A88705195F32FA006F2F57 /* DemoDataGenerator.h */,
				22A88706195F32FA006F2F57 /* DemoDataGenerator.m */,
			);
			name = Model;
			sourceTree = "<group>";
		};
		221BD2E71932499100A1486D /* Model */ = {
			isa = PBXGroup;
			children = (
				226E39E31955EBE200E4FCBE /* CitationSvcCoreDataTests.m */,
			);
			name = Model;
			sourceTree = "<group>";
		};
		22A88700195F1074006F2F57 /* Resources */ = {
			isa = PBXGroup;
			children = (
				22A88708195F3C56006F2F57 /* Book.png */,
				22A88709195F3C56006F2F57 /* Conference Proceedings.png */,
				22A8870A195F3C56006F2F57 /* Journal Article.png */,
				22A8870B195F3C56006F2F57 /* Magazine Article.png */,
				22A8870C195F3C56006F2F57 /* Thesis.png */,
			);
			name = Resources;
			sourceTree = "<group>";
		};
/* End PBXGroup section */

/* Begin PBXNativeTarget section */
		221BD2A319323D8600A1486D /* Annotated Bibliography */ = {
			isa = PBXNativeTarget;
			buildConfigurationList = 221BD2D919323D8600A1486D /* Build configuration list for PBXNativeTarget "Annotated Bibliography" */;
			buildPhases = (
				221BD2A019323D8600A1486D /* Sources */,
				221BD2A119323D8600A1486D /* Frameworks */,
				221BD2A219323D8600A1486D /* Resources */,
			);
			buildRules = (
			);
			dependencies = (
			);
			name = "Annotated Bibliography";
			productName = "Annotated Bibliography";
			productReference = 221BD2A419323D8600A1486D /* Annotated Bibliography.app */;
			productType = "com.apple.product-type.application";
		};
		221BD2C719323D8600A1486D /* Annotated BibliographyTests */ = {
			isa = PBXNativeTarget;
			buildConfigurationList = 221BD2DC19323D8600A1486D /* Build configuration list for PBXNativeTarget "Annotated BibliographyTests" */;
			buildPhases = (
				221BD2C419323D8600A1486D /* Sources */,
				221BD2C519323D8600A1486D /* Frameworks */,
				221BD2C619323D8600A1486D /* Resources */,
			);
			buildRules = (
			);
			dependencies = (
				221BD2CE19323D8600A1486D /* PBXTargetDependency */,
			);
			name = "Annotated BibliographyTests";
			productName = "Annotated BibliographyTests";
			productReference = 221BD2C819323D8600A1486D /* Annotated BibliographyTests.xctest */;
			productType = "com.apple.product-type.bundle.unit-test";
		};
/* End PBXNativeTarget section */

/* Begin PBXProject section */
		221BD29C19323D8600A1486D /* Project object */ = {
			isa = PBXProject;
			attributes = {
				LastUpgradeCheck = 0510;
				ORGANIZATIONNAME = msse650;
				TargetAttributes = {
					221BD2C719323D8600A1486D = {
						TestTargetID = 221BD2A319323D8600A1486D;
					};
				};
			};
			buildConfigurationList = 221BD29F19323D8600A1486D /* Build configuration list for PBXProject "Annotated Bibliography" */;
			compatibilityVersion = "Xcode 3.2";
			developmentRegion = English;
			hasScannedForEncodings = 0;
			knownRegions = (
				en,
				Base,
			);
			mainGroup = 221BD29B19323D8600A1486D;
			productRefGroup = 221BD2A519323D8600A1486D /* Products */;
			projectDirPath = "";
			projectRoot = "";
			targets = (
				221BD2A319323D8600A1486D /* Annotated Bibliography */,
				221BD2C719323D8600A1486D /* Annotated BibliographyTests */,
			);
		};
/* End PBXProject section */

/* Begin PBXResourcesBuildPhase section */
		221BD2A219323D8600A1486D /* Resources */ = {
			isa = PBXResourcesBuildPhase;
			buildActionMask = 2147483647;
			files = (
				221BD2C319323D8600A1486D /* Images.xcassets in Resources */,
				221BD2B219323D8600A1486D /* InfoPlist.strings in Resources */,
				22A8870E195F3C56006F2F57 /* Conference Proceedings.png in Resources */,
				22A8870D195F3C56006F2F57 /* Book.png in Resources */,
				22A88711195F3C56006F2F57 /* Thesis.png in Resources */,
				22A8870F195F3C56006F2F57 /* Journal Article.png in Resources */,
				221BD2BB19323D8600A1486D /* Main.storyboard in Resources */,
				22A88710195F3C56006F2F57 /* Magazine Article.png in Resources */,
			);
			runOnlyForDeploymentPostprocessing = 0;
		};
		221BD2C619323D8600A1486D /* Resources */ = {
			isa = PBXResourcesBuildPhase;
			buildActionMask = 2147483647;
			files = (
				221BD2D419323D8600A1486D /* InfoPlist.strings in Resources */,
			);
			runOnlyForDeploymentPostprocessing = 0;
		};
/* End PBXResourcesBuildPhase section */

/* Begin PBXSourcesBuildPhase section */
		221BD2A019323D8600A1486D /* Sources */ = {
			isa = PBXSourcesBuildPhase;
			buildActionMask = 2147483647;
			files = (
				22A88707195F32FA006F2F57 /* DemoDataGenerator.m in Sources */,
				221BD2B819323D8600A1486D /* AppDelegate.m in Sources */,
				226E39E21955EB5E00E4FCBE /* CitationSvcCoreData.m in Sources */,
				226E39F81956199400E4FCBE /* Author.m in Sources */,
				226E39F51956199400E4FCBE /* Citation.m in Sources */,
				221BD2BE19323D8600A1486D /* MasterViewController.m in Sources */,
				221BD2B419323D8600A1486D /* main.m in Sources */,
				226E39CF1955DA4B00E4FCBE /* Model.xcdatamodeld in Sources */,
				229B0E651957577700C468C3 /* MediaTypeTableViewController.m in Sources */,
				221BD2C119323D8600A1486D /* DetailViewController.m in Sources */,
				226E39F21956199300E4FCBE /* MediaType.m in Sources */,
			);
			runOnlyForDeploymentPostprocessing = 0;
		};
		221BD2C419323D8600A1486D /* Sources */ = {
			isa = PBXSourcesBuildPhase;
			buildActionMask = 2147483647;
			files = (
				226E39E41955EBE200E4FCBE /* CitationSvcCoreDataTests.m in Sources */,
				22A88716195F54C3006F2F57 /* MasterViewControllerTests.m in Sources */,
				221BD2D619323D8600A1486D /* Annotated_BibliographyTests.m in Sources */,
			);
			runOnlyForDeploymentPostprocessing = 0;
		};
/* End PBXSourcesBuildPhase section */

/* Begin PBXTargetDependency section */
		221BD2CE19323D8600A1486D /* PBXTargetDependency */ = {
			isa = PBXTargetDependency;
			target = 221BD2A319323D8600A1486D /* Annotated Bibliography */;
			targetProxy = 221BD2CD19323D8600A1486D /* PBXContainerItemProxy */;
		};
/* End PBXTargetDependency section */

/* Begin PBXVariantGroup section */
		221BD2B019323D8600A1486D /* InfoPlist.strings */ = {
			isa = PBXVariantGroup;
			children = (
				221BD2B119323D8600A1486D /* en */,
			);
			name = InfoPlist.strings;
			sourceTree = "<group>";
		};
		221BD2B919323D8600A1486D /* Main.storyboard */ = {
			isa = PBXVariantGroup;
			children = (
				221BD2BA19323D8600A1486D /* Base */,
			);
			name = Main.storyboard;
			sourceTree = "<group>";
		};
		221BD2D219323D8600A1486D /* InfoPlist.strings */ = {
			isa = PBXVariantGroup;
			children = (
				221BD2D319323D8600A1486D /* en */,
			);
			name = InfoPlist.strings;
			sourceTree = "<group>";
		};
/* End PBXVariantGroup section */

/* Begin XCBuildConfiguration section */
		221BD2D719323D8600A1486D /* Debug */ = {
			isa = XCBuildConfiguration;
			buildSettings = {
				ALWAYS_SEARCH_USER_PATHS = NO;
				CLANG_CXX_LANGUAGE_STANDARD = "gnu++0x";
				CLANG_CXX_LIBRARY = "libc++";
				CLANG_ENABLE_MODULES = YES;
				CLANG_ENABLE_OBJC_ARC = YES;
				CLANG_WARN_BOOL_CONVERSION = YES;
				CLANG_WARN_CONSTANT_CONVERSION = YES;
				CLANG_WARN_DIRECT_OBJC_ISA_USAGE = YES_ERROR;
				CLANG_WARN_EMPTY_BODY = YES;
				CLANG_WARN_ENUM_CONVERSION = YES;
				CLANG_WARN_INT_CONVERSION = YES;
				CLANG_WARN_OBJC_ROOT_CLASS = YES_ERROR;
				CLANG_WARN__DUPLICATE_METHOD_MATCH = YES;
				"CODE_SIGN_IDENTITY[sdk=iphoneos*]" = "iPhone Developer";
				COPY_PHASE_STRIP = NO;
				GCC_C_LANGUAGE_STANDARD = gnu99;
				GCC_DYNAMIC_NO_PIC = NO;
				GCC_OPTIMIZATION_LEVEL = 0;
				GCC_PREPROCESSOR_DEFINITIONS = (
					"DEBUG=1",
					"$(inherited)",
				);
				GCC_SYMBOLS_PRIVATE_EXTERN = NO;
				GCC_WARN_64_TO_32_BIT_CONVERSION = YES;
				GCC_WARN_ABOUT_RETURN_TYPE = YES_ERROR;
				GCC_WARN_UNDECLARED_SELECTOR = YES;
				GCC_WARN_UNINITIALIZED_AUTOS = YES_AGGRESSIVE;
				GCC_WARN_UNUSED_FUNCTION = YES;
				GCC_WARN_UNUSED_VARIABLE = YES;
				IPHONEOS_DEPLOYMENT_TARGET = 7.1;
				ONLY_ACTIVE_ARCH = YES;
				SDKROOT = iphoneos;
			};
			name = Debug;
		};
		221BD2D819323D8600A1486D /* Release */ = {
			isa = XCBuildConfiguration;
			buildSettings = {
				ALWAYS_SEARCH_USER_PATHS = NO;
				CLANG_CXX_LANGUAGE_STANDARD = "gnu++0x";
				CLANG_CXX_LIBRARY = "libc++";
				CLANG_ENABLE_MODULES = YES;
				CLANG_ENABLE_OBJC_ARC = YES;
				CLANG_WARN_BOOL_CONVERSION = YES;
				CLANG_WARN_CONSTANT_CONVERSION = YES;
				CLANG_WARN_DIRECT_OBJC_ISA_USAGE = YES_ERROR;
				CLANG_WARN_EMPTY_BODY = YES;
				CLANG_WARN_ENUM_CONVERSION = YES;
				CLANG_WARN_INT_CONVERSION = YES;
				CLANG_WARN_OBJC_ROOT_CLASS = YES_ERROR;
				CLANG_WARN__DUPLICATE_METHOD_MATCH = YES;
				"CODE_SIGN_IDENTITY[sdk=iphoneos*]" = "iPhone Developer";
				COPY_PHASE_STRIP = YES;
				ENABLE_NS_ASSERTIONS = NO;
				GCC_C_LANGUAGE_STANDARD = gnu99;
				GCC_WARN_64_TO_32_BIT_CONVERSION = YES;
				GCC_WARN_ABOUT_RETURN_TYPE = YES_ERROR;
				GCC_WARN_UNDECLARED_SELECTOR = YES;
				GCC_WARN_UNINITIALIZED_AUTOS = YES_AGGRESSIVE;
				GCC_WARN_UNUSED_FUNCTION = YES;
				GCC_WARN_UNUSED_VARIABLE = YES;
				IPHONEOS_DEPLOYMENT_TARGET = 7.1;
				SDKROOT = iphoneos;
				VALIDATE_PRODUCT = YES;
			};
			name = Release;
		};
		221BD2DA19323D8600A1486D /* Debug */ = {
			isa = XCBuildConfiguration;
			buildSettings = {
				ASSETCATALOG_COMPILER_APPICON_NAME = AppIcon;
				ASSETCATALOG_COMPILER_LAUNCHIMAGE_NAME = LaunchImage;
				GCC_PRECOMPILE_PREFIX_HEADER = YES;
				GCC_PREFIX_HEADER = "Annotated Bibliography/Annotated Bibliography-Prefix.pch";
				INFOPLIST_FILE = "Annotated Bibliography/Annotated Bibliography-Info.plist";
				PRODUCT_NAME = "$(TARGET_NAME)";
				WRAPPER_EXTENSION = app;
			};
			name = Debug;
		};
		221BD2DB19323D8600A1486D /* Release */ = {
			isa = XCBuildConfiguration;
			buildSettings = {
				ASSETCATALOG_COMPILER_APPICON_NAME = AppIcon;
				ASSETCATALOG_COMPILER_LAUNCHIMAGE_NAME = LaunchImage;
				GCC_PRECOMPILE_PREFIX_HEADER = YES;
				GCC_PREFIX_HEADER = "Annotated Bibliography/Annotated Bibliography-Prefix.pch";
				INFOPLIST_FILE = "Annotated Bibliography/Annotated Bibliography-Info.plist";
				PRODUCT_NAME = "$(TARGET_NAME)";
				WRAPPER_EXTENSION = app;
			};
			name = Release;
		};
		221BD2DD19323D8600A1486D /* Debug */ = {
			isa = XCBuildConfiguration;
			buildSettings = {
				BUNDLE_LOADER = "$(BUILT_PRODUCTS_DIR)/Annotated Bibliography.app/Annotated Bibliography";
				FRAMEWORK_SEARCH_PATHS = (
					"$(SDKROOT)/Developer/Library/Frameworks",
					"$(inherited)",
					"$(DEVELOPER_FRAMEWORKS_DIR)",
				);
				GCC_PRECOMPILE_PREFIX_HEADER = YES;
				GCC_PREFIX_HEADER = "Annotated Bibliography/Annotated Bibliography-Prefix.pch";
				GCC_PREPROCESSOR_DEFINITIONS = (
					"DEBUG=1",
					"$(inherited)",
				);
				INFOPLIST_FILE = "Annotated BibliographyTests/Annotated BibliographyTests-Info.plist";
				PRODUCT_NAME = "$(TARGET_NAME)";
				TEST_HOST = "$(BUNDLE_LOADER)";
				WRAPPER_EXTENSION = xctest;
			};
			name = Debug;
		};
		221BD2DE19323D8600A1486D /* Release */ = {
			isa = XCBuildConfiguration;
			buildSettings = {
				BUNDLE_LOADER = "$(BUILT_PRODUCTS_DIR)/Annotated Bibliography.app/Annotated Bibliography";
				FRAMEWORK_SEARCH_PATHS = (
					"$(SDKROOT)/Developer/Library/Frameworks",
					"$(inherited)",
					"$(DEVELOPER_FRAMEWORKS_DIR)",
				);
				GCC_PRECOMPILE_PREFIX_HEADER = YES;
				GCC_PREFIX_HEADER = "Annotated Bibliography/Annotated Bibliography-Prefix.pch";
				INFOPLIST_FILE = "Annotated BibliographyTests/Annotated BibliographyTests-Info.plist";
				PRODUCT_NAME = "$(TARGET_NAME)";
				TEST_HOST = "$(BUNDLE_LOADER)";
				WRAPPER_EXTENSION = xctest;
			};
			name = Release;
		};
/* End XCBuildConfiguration section */

/* Begin XCConfigurationList section */
		221BD29F19323D8600A1486D /* Build configuration list for PBXProject "Annotated Bibliography" */ = {
			isa = XCConfigurationList;
			buildConfigurations = (
				221BD2D719323D8600A1486D /* Debug */,
				221BD2D819323D8600A1486D /* Release */,
			);
			defaultConfigurationIsVisible = 0;
			defaultConfigurationName = Release;
		};
		221BD2D919323D8600A1486D /* Build configuration list for PBXNativeTarget "Annotated Bibliography" */ = {
			isa = XCConfigurationList;
			buildConfigurations = (
				221BD2DA19323D8600A1486D /* Debug */,
				221BD2DB19323D8600A1486D /* Release */,
			);
			defaultConfigurationIsVisible = 0;
			defaultConfigurationName = Release;
		};
		221BD2DC19323D8600A1486D /* Build configuration list for PBXNativeTarget "Annotated BibliographyTests" */ = {
			isa = XCConfigurationList;
			buildConfigurations = (
				221BD2DD19323D8600A1486D /* Debug */,
				221BD2DE19323D8600A1486D /* Release */,
			);
			defaultConfigurationIsVisible = 0;
			defaultConfigurationName = Release;
		};
/* End XCConfigurationList section */

/* Begin XCVersionGroup section */
		226E39CD1955DA4B00E4FCBE /* Model.xcdatamodeld */ = {
			isa = XCVersionGroup;
			children = (
				226E39CE1955DA4B00E4FCBE /* Model.xcdatamodel */,
			);
			currentVersion = 226E39CE1955DA4B00E4FCBE /* Model.xcdatamodel */;
			path = Model.xcdatamodeld;
			sourceTree = "<group>";
			versionGroupType = wrapper.xcdatamodel;
		};
/* End XCVersionGroup section */
	};
	rootObject = 221BD29C19323D8600A1486D /* Project object */;
}
